<?xml version="1.0" encoding="utf-8"?>
<Project ToolsVersion="4.0" xmlns="http://schemas.microsoft.com/developer/msbuild/2003">
  <ItemGroup>
    <Filter Include="Source Files">
      <UniqueIdentifier>{4FC737F1-C7A5-4376-A066-2A32D752A2FF}</UniqueIdentifier>
      <Extensions>cpp;c;cc;cxx;c++;cppm;ixx;def;odl;idl;hpj;bat;asm;asmx</Extensions>
    </Filter>
    <Filter Include="Header Files">
      <UniqueIdentifier>{93995380-89BD-4b04-88EB-625FBE52EBFB}</UniqueIdentifier>
      <Extensions>h;hh;hpp;hxx;h++;hm;inl;inc;ipp;xsd</Extensions>
    </Filter>
    <Filter Include="Resource Files">
      <UniqueIdentifier>{67DA6AB6-F800-4c08-8B7A-83BB121AAD01}</UniqueIdentifier>
      <Extensions>rc;ico;cur;bmp;dlg;rc2;rct;bin;rgs;gif;jpg;jpeg;jpe;resx;tiff;tif;png;wav;mfcribbon-ms</Extensions>
    </Filter>
    <Filter Include="SDK">
      <UniqueIdentifier>{b42a21db-fe26-4708-90a5-5ea3735af98b}</UniqueIdentifier>
    </Filter>
    <Filter Include="lua">
      <UniqueIdentifier>{2b447502-b248-4b16-b211-4f28165ce3c3}</UniqueIdentifier>
    </Filter>
  </ItemGroup>
  <ItemGroup>
    <ClInclude Include="VMTHook.h">
      <Filter>Header Files</Filter>
    </ClInclude>
    <ClInclude Include="SDK\DD_Basic.hpp">
      <Filter>SDK</Filter>
    </ClInclude>
    <ClInclude Include="SDK\DD_CDT_classes.hpp">
      <Filter>SDK</Filter>
    </ClInclude>
    <ClInclude Include="SDK\DD_CDT_parameters.hpp">
      <Filter>SDK</Filter>
    </ClInclude>
    <ClInclude Include="SDK\DD_CDT_structs.hpp">
      <Filter>SDK</Filter>
    </ClInclude>
    <ClInclude Include="SDK\DD_CDT3_classes.hpp">
      <Filter>SDK</Filter>
    </ClInclude>
    <ClInclude Include="SDK\DD_CDT3_parameters.hpp">
      <Filter>SDK</Filter>
    </ClInclude>
    <ClInclude Include="SDK\DD_CDT3_structs.hpp">
      <Filter>SDK</Filter>
    </ClInclude>
    <ClInclude Include="SDK\DD_CDT4_classes.hpp">
      <Filter>SDK</Filter>
    </ClInclude>
    <ClInclude Include="SDK\DD_CDT4_parameters.hpp">
      <Filter>SDK</Filter>
    </ClInclude>
    <ClInclude Include="SDK\DD_CDT4_structs.hpp">
      <Filter>SDK</Filter>
    </ClInclude>
    <ClInclude Include="SDK\DD_CDT7_classes.hpp">
      <Filter>SDK</Filter>
    </ClInclude>
    <ClInclude Include="SDK\DD_CDT7_parameters.hpp">
      <Filter>SDK</Filter>
    </ClInclude>
    <ClInclude Include="SDK\DD_CDT7_structs.hpp">
      <Filter>SDK</Filter>
    </ClInclude>
    <ClInclude Include="SDK\DD_CDT8_classes.hpp">
      <Filter>SDK</Filter>
    </ClInclude>
    <ClInclude Include="SDK\DD_CDT8_parameters.hpp">
      <Filter>SDK</Filter>
    </ClInclude>
    <ClInclude Include="SDK\DD_CDT8_structs.hpp">
      <Filter>SDK</Filter>
    </ClInclude>
    <ClInclude Include="SDK\DD_Core_classes.hpp">
      <Filter>SDK</Filter>
    </ClInclude>
    <ClInclude Include="SDK\DD_Core_parameters.hpp">
      <Filter>SDK</Filter>
    </ClInclude>
    <ClInclude Include="SDK\DD_Core_structs.hpp">
      <Filter>SDK</Filter>
    </ClInclude>
    <ClInclude Include="SDK\DD_DunDefArabia_classes.hpp">
      <Filter>SDK</Filter>
    </ClInclude>
    <ClInclude Include="SDK\DD_DunDefArabia_parameters.hpp">
      <Filter>SDK</Filter>
    </ClInclude>
    <ClInclude Include="SDK\DD_DunDefArabia_structs.hpp">
      <Filter>SDK</Filter>
    </ClInclude>
    <ClInclude Include="SDK\DD_DunDefAtlantis_classes.hpp">
      <Filter>SDK</Filter>
    </ClInclude>
    <ClInclude Include="SDK\DD_DunDefAtlantis_parameters.hpp">
      <Filter>SDK</Filter>
    </ClInclude>
    <ClInclude Include="SDK\DD_DunDefAtlantis_structs.hpp">
      <Filter>SDK</Filter>
    </ClInclude>
    <ClInclude Include="SDK\DD_DunDefBuff_classes.hpp">
      <Filter>SDK</Filter>
    </ClInclude>
    <ClInclude Include="SDK\DD_DunDefBuff_parameters.hpp">
      <Filter>SDK</Filter>
    </ClInclude>
    <ClInclude Include="SDK\DD_DunDefBuff_structs.hpp">
      <Filter>SDK</Filter>
    </ClInclude>
    <ClInclude Include="SDK\DD_DunDefMiscNoMedia_classes.hpp">
      <Filter>SDK</Filter>
    </ClInclude>
    <ClInclude Include="SDK\DD_DunDefMiscNoMedia_parameters.hpp">
      <Filter>SDK</Filter>
    </ClInclude>
    <ClInclude Include="SDK\DD_DunDefMiscNoMedia_structs.hpp">
      <Filter>SDK</Filter>
    </ClInclude>
    <ClInclude Include="SDK\DD_DunDefPortal_classes.hpp">
      <Filter>SDK</Filter>
    </ClInclude>
    <ClInclude Include="SDK\DD_DunDefPortal_parameters.hpp">
      <Filter>SDK</Filter>
    </ClInclude>
    <ClInclude Include="SDK\DD_DunDefPortal_structs.hpp">
      <Filter>SDK</Filter>
    </ClInclude>
    <ClInclude Include="SDK\DD_DunDefSkyCity_classes.hpp">
      <Filter>SDK</Filter>
    </ClInclude>
    <ClInclude Include="SDK\DD_DunDefSkyCity_parameters.hpp">
      <Filter>SDK</Filter>
    </ClInclude>
    <ClInclude Include="SDK\DD_DunDefSkyCity_structs.hpp">
      <Filter>SDK</Filter>
    </ClInclude>
    <ClInclude Include="SDK\DD_DunDefSpecial_classes.hpp">
      <Filter>SDK</Filter>
    </ClInclude>
    <ClInclude Include="SDK\DD_DunDefSpecial_parameters.hpp">
      <Filter>SDK</Filter>
    </ClInclude>
    <ClInclude Include="SDK\DD_DunDefSpecial_structs.hpp">
      <Filter>SDK</Filter>
    </ClInclude>
    <ClInclude Include="SDK\DD_DunDefSpider_classes.hpp">
      <Filter>SDK</Filter>
    </ClInclude>
    <ClInclude Include="SDK\DD_DunDefSpider_parameters.hpp">
      <Filter>SDK</Filter>
    </ClInclude>
    <ClInclude Include="SDK\DD_DunDefSpider_structs.hpp">
      <Filter>SDK</Filter>
    </ClInclude>
    <ClInclude Include="SDK\DD_Engine_classes.hpp">
      <Filter>SDK</Filter>
    </ClInclude>
    <ClInclude Include="SDK\DD_Engine_parameters.hpp">
      <Filter>SDK</Filter>
    </ClInclude>
    <ClInclude Include="SDK\DD_Engine_structs.hpp">
      <Filter>SDK</Filter>
    </ClInclude>
    <ClInclude Include="SDK\DD_GameFramework_classes.hpp">
      <Filter>SDK</Filter>
    </ClInclude>
    <ClInclude Include="SDK\DD_GameFramework_parameters.hpp">
      <Filter>SDK</Filter>
    </ClInclude>
    <ClInclude Include="SDK\DD_GameFramework_structs.hpp">
      <Filter>SDK</Filter>
    </ClInclude>
    <ClInclude Include="SDK\DD_IpDrv_classes.hpp">
      <Filter>SDK</Filter>
    </ClInclude>
    <ClInclude Include="SDK\DD_IpDrv_parameters.hpp">
      <Filter>SDK</Filter>
    </ClInclude>
    <ClInclude Include="SDK\DD_IpDrv_structs.hpp">
      <Filter>SDK</Filter>
    </ClInclude>
    <ClInclude Include="SDK\DD_Leaderboards_classes.hpp">
      <Filter>SDK</Filter>
    </ClInclude>
    <ClInclude Include="SDK\DD_Leaderboards_parameters.hpp">
      <Filter>SDK</Filter>
    </ClInclude>
    <ClInclude Include="SDK\DD_Leaderboards_structs.hpp">
      <Filter>SDK</Filter>
    </ClInclude>
    <ClInclude Include="SDK\DD_OnlineSubsystemSteamworks_classes.hpp">
      <Filter>SDK</Filter>
    </ClInclude>
    <ClInclude Include="SDK\DD_OnlineSubsystemSteamworks_parameters.hpp">
      <Filter>SDK</Filter>
    </ClInclude>
    <ClInclude Include="SDK\DD_OnlineSubsystemSteamworks_structs.hpp">
      <Filter>SDK</Filter>
    </ClInclude>
    <ClInclude Include="SDK\DD_UDKGame_classes.hpp">
      <Filter>SDK</Filter>
    </ClInclude>
    <ClInclude Include="SDK\DD_UDKGame_parameters.hpp">
      <Filter>SDK</Filter>
    </ClInclude>
    <ClInclude Include="SDK\DD_UDKGame_structs.hpp">
      <Filter>SDK</Filter>
    </ClInclude>
    <ClInclude Include="SDK\DD_WinDrv_classes.hpp">
      <Filter>SDK</Filter>
    </ClInclude>
    <ClInclude Include="SDK\DD_WinDrv_parameters.hpp">
      <Filter>SDK</Filter>
    </ClInclude>
    <ClInclude Include="SDK\DD_WinDrv_structs.hpp">
      <Filter>SDK</Filter>
    </ClInclude>
    <ClInclude Include="SDK\DD_XAudio2_classes.hpp">
      <Filter>SDK</Filter>
    </ClInclude>
    <ClInclude Include="SDK\DD_XAudio2_parameters.hpp">
      <Filter>SDK</Filter>
    </ClInclude>
    <ClInclude Include="SDK\DD_XAudio2_structs.hpp">
      <Filter>SDK</Filter>
    </ClInclude>
    <ClInclude Include="SDK.hpp">
      <Filter>SDK</Filter>
    </ClInclude>
    <ClInclude Include="3rdparty\lua\lapi.h">
      <Filter>lua</Filter>
    </ClInclude>
    <ClInclude Include="3rdparty\lua\lauxlib.h">
      <Filter>lua</Filter>
    </ClInclude>
    <ClInclude Include="3rdparty\lua\lcode.h">
      <Filter>lua</Filter>
    </ClInclude>
    <ClInclude Include="3rdparty\lua\lctype.h">
      <Filter>lua</Filter>
    </ClInclude>
    <ClInclude Include="3rdparty\lua\ldebug.h">
      <Filter>lua</Filter>
    </ClInclude>
    <ClInclude Include="3rdparty\lua\ldo.h">
      <Filter>lua</Filter>
    </ClInclude>
    <ClInclude Include="3rdparty\lua\lfunc.h">
      <Filter>lua</Filter>
    </ClInclude>
    <ClInclude Include="3rdparty\lua\lgc.h">
      <Filter>lua</Filter>
    </ClInclude>
    <ClInclude Include="3rdparty\lua\ljumptab.h">
      <Filter>lua</Filter>
    </ClInclude>
    <ClInclude Include="3rdparty\lua\llex.h">
      <Filter>lua</Filter>
    </ClInclude>
    <ClInclude Include="3rdparty\lua\llimits.h">
      <Filter>lua</Filter>
    </ClInclude>
    <ClInclude Include="3rdparty\lua\lmem.h">
      <Filter>lua</Filter>
    </ClInclude>
    <ClInclude Include="3rdparty\lua\lobject.h">
      <Filter>lua</Filter>
    </ClInclude>
    <ClInclude Include="3rdparty\lua\lopcodes.h">
      <Filter>lua</Filter>
    </ClInclude>
    <ClInclude Include="3rdparty\lua\lopnames.h">
      <Filter>lua</Filter>
    </ClInclude>
    <ClInclude Include="3rdparty\lua\lparser.h">
      <Filter>lua</Filter>
    </ClInclude>
    <ClInclude Include="3rdparty\lua\lprefix.h">
      <Filter>lua</Filter>
    </ClInclude>
    <ClInclude Include="3rdparty\lua\lstate.h">
      <Filter>lua</Filter>
    </ClInclude>
    <ClInclude Include="3rdparty\lua\lstring.h">
      <Filter>lua</Filter>
    </ClInclude>
    <ClInclude Include="3rdparty\lua\ltable.h">
      <Filter>lua</Filter>
    </ClInclude>
    <ClInclude Include="3rdparty\lua\ltm.h">
      <Filter>lua</Filter>
    </ClInclude>
    <ClInclude Include="3rdparty\lua\lua.h">
      <Filter>lua</Filter>
    </ClInclude>
    <ClInclude Include="3rdparty\lua\luaconf.h">
      <Filter>lua</Filter>
    </ClInclude>
    <ClInclude Include="3rdparty\lua\lualib.h">
      <Filter>lua</Filter>
    </ClInclude>
    <ClInclude Include="3rdparty\lua\lundump.h">
      <Filter>lua</Filter>
    </ClInclude>
    <ClInclude Include="3rdparty\lua\lvm.h">
      <Filter>lua</Filter>
    </ClInclude>
    <ClInclude Include="3rdparty\lua\lzio.h">
      <Filter>lua</Filter>
    </ClInclude>
  </ItemGroup>
  <ItemGroup>
    <ClCompile Include="dllmain.cpp">
      <Filter>Source Files</Filter>
    </ClCompile>
    <ClCompile Include="SDK\DD_WinDrv_functions.cpp">
      <Filter>SDK</Filter>
    </ClCompile>
    <ClCompile Include="SDK\DD_Basic.cpp">
      <Filter>SDK</Filter>
    </ClCompile>
    <ClCompile Include="SDK\DD_CDT_functions.cpp">
      <Filter>SDK</Filter>
    </ClCompile>
    <ClCompile Include="SDK\DD_CDT3_functions.cpp">
      <Filter>SDK</Filter>
    </ClCompile>
    <ClCompile Include="SDK\DD_CDT4_functions.cpp">
      <Filter>SDK</Filter>
    </ClCompile>
    <ClCompile Include="SDK\DD_CDT7_functions.cpp">
      <Filter>SDK</Filter>
    </ClCompile>
    <ClCompile Include="SDK\DD_CDT8_functions.cpp">
      <Filter>SDK</Filter>
    </ClCompile>
    <ClCompile Include="SDK\DD_Core_functions.cpp">
      <Filter>SDK</Filter>
    </ClCompile>
    <ClCompile Include="SDK\DD_DunDefArabia_functions.cpp">
      <Filter>SDK</Filter>
    </ClCompile>
    <ClCompile Include="SDK\DD_DunDefAtlantis_functions.cpp">
      <Filter>SDK</Filter>
    </ClCompile>
    <ClCompile Include="SDK\DD_DunDefBuff_functions.cpp">
      <Filter>SDK</Filter>
    </ClCompile>
    <ClCompile Include="SDK\DD_DunDefMiscNoMedia_functions.cpp">
      <Filter>SDK</Filter>
    </ClCompile>
    <ClCompile Include="SDK\DD_DunDefPortal_functions.cpp">
      <Filter>SDK</Filter>
    </ClCompile>
    <ClCompile Include="SDK\DD_DunDefSkyCity_functions.cpp">
      <Filter>SDK</Filter>
    </ClCompile>
    <ClCompile Include="SDK\DD_DunDefSpecial_functions.cpp">
      <Filter>SDK</Filter>
    </ClCompile>
    <ClCompile Include="SDK\DD_DunDefSpider_functions.cpp">
      <Filter>SDK</Filter>
    </ClCompile>
    <ClCompile Include="SDK\DD_Engine_functions.cpp">
      <Filter>SDK</Filter>
    </ClCompile>
    <ClCompile Include="SDK\DD_GameFramework_functions.cpp">
      <Filter>SDK</Filter>
    </ClCompile>
    <ClCompile Include="SDK\DD_IpDrv_functions.cpp">
      <Filter>SDK</Filter>
    </ClCompile>
    <ClCompile Include="SDK\DD_Leaderboards_functions.cpp">
      <Filter>SDK</Filter>
    </ClCompile>
    <ClCompile Include="SDK\DD_OnlineSubsystemSteamworks_functions.cpp">
      <Filter>SDK</Filter>
    </ClCompile>
    <ClCompile Include="SDK\DD_UDKGame_functions.cpp">
      <Filter>SDK</Filter>
    </ClCompile>
    <ClCompile Include="SDK\DD_XAudio2_functions.cpp">
      <Filter>SDK</Filter>
    </ClCompile>
    <ClCompile Include="3rdparty\lua\lapi.c">
      <Filter>lua</Filter>
    </ClCompile>
    <ClCompile Include="3rdparty\lua\lauxlib.c">
      <Filter>lua</Filter>
    </ClCompile>
    <ClCompile Include="3rdparty\lua\lbaselib.c">
      <Filter>lua</Filter>
    </ClCompile>
    <ClCompile Include="3rdparty\lua\lcode.c">
      <Filter>lua</Filter>
    </ClCompile>
    <ClCompile Include="3rdparty\lua\lcorolib.c">
      <Filter>lua</Filter>
    </ClCompile>
    <ClCompile Include="3rdparty\lua\lctype.c">
      <Filter>lua</Filter>
    </ClCompile>
    <ClCompile Include="3rdparty\lua\ldblib.c">
      <Filter>lua</Filter>
    </ClCompile>
    <ClCompile Include="3rdparty\lua\ldebug.c">
      <Filter>lua</Filter>
    </ClCompile>
    <ClCompile Include="3rdparty\lua\ldo.c">
      <Filter>lua</Filter>
    </ClCompile>
    <ClCompile Include="3rdparty\lua\ldump.c">
      <Filter>lua</Filter>
    </ClCompile>
    <ClCompile Include="3rdparty\lua\lfunc.c">
      <Filter>lua</Filter>
    </ClCompile>
    <ClCompile Include="3rdparty\lua\lgc.c">
      <Filter>lua</Filter>
    </ClCompile>
    <ClCompile Include="3rdparty\lua\linit.c">
      <Filter>lua</Filter>
    </ClCompile>
    <ClCompile Include="3rdparty\lua\liolib.c">
      <Filter>lua</Filter>
    </ClCompile>
    <ClCompile Include="3rdparty\lua\llex.c">
      <Filter>lua</Filter>
    </ClCompile>
    <ClCompile Include="3rdparty\lua\lmathlib.c">
      <Filter>lua</Filter>
    </ClCompile>
    <ClCompile Include="3rdparty\lua\lmem.c">
      <Filter>lua</Filter>
    </ClCompile>
    <ClCompile Include="3rdparty\lua\loadlib.c">
      <Filter>lua</Filter>
    </ClCompile>
    <ClCompile Include="3rdparty\lua\lobject.c">
      <Filter>lua</Filter>
    </ClCompile>
    <ClCompile Include="3rdparty\lua\lopcodes.c">
      <Filter>lua</Filter>
    </ClCompile>
    <ClCompile Include="3rdparty\lua\loslib.c">
      <Filter>lua</Filter>
    </ClCompile>
    <ClCompile Include="3rdparty\lua\lparser.c">
      <Filter>lua</Filter>
    </ClCompile>
    <ClCompile Include="3rdparty\lua\lstate.c">
      <Filter>lua</Filter>
    </ClCompile>
    <ClCompile Include="3rdparty\lua\lstring.c">
      <Filter>lua</Filter>
    </ClCompile>
    <ClCompile Include="3rdparty\lua\lstrlib.c">
      <Filter>lua</Filter>
    </ClCompile>
    <ClCompile Include="3rdparty\lua\ltable.c">
      <Filter>lua</Filter>
    </ClCompile>
    <ClCompile Include="3rdparty\lua\ltablib.c">
      <Filter>lua</Filter>
    </ClCompile>
    <ClCompile Include="3rdparty\lua\ltm.c">
      <Filter>lua</Filter>
    </ClCompile>
    <ClCompile Include="3rdparty\lua\lua.c">
      <Filter>lua</Filter>
    </ClCompile>
    <ClCompile Include="3rdparty\lua\lundump.c">
      <Filter>lua</Filter>
    </ClCompile>
    <ClCompile Include="3rdparty\lua\lutf8lib.c">
      <Filter>lua</Filter>
    </ClCompile>
    <ClCompile Include="3rdparty\lua\lvm.c">
      <Filter>lua</Filter>
    </ClCompile>
    <ClCompile Include="3rdparty\lua\lzio.c">
      <Filter>lua</Filter>
    </ClCompile>
  </ItemGroup>
</Project>